
Microsoft Visual Studio Solution File, Format Version 12.00
# Visual Studio Version 17
VisualStudioVersion = 17.0.31903.59
MinimumVisualStudioVersion = 10.0.40219.1
Project("{9A19103F-16F7-4668-BE54-9A1E7A4F7556}") = "Tyuiu.MusinND.Sprint5.Task0.V19", "Tyuiu.MusinND.Sprint5.Task0.V19\Tyuiu.MusinND.Sprint5.Task0.V19.csproj", "{4B032F12-E3F0-435C-A4B7-A8030B240431}"
EndProject
Project("{9A19103F-16F7-4668-BE54-9A1E7A4F7556}") = "Tyuiu.MusinND.Sprint5.Task0.V19.Test", "Tyuiu.MusinND.Sprint5.Task0.V19.Test\Tyuiu.MusinND.Sprint5.Task0.V19.Test.csproj", "{CC8B240C-450A-4FF0-8DA9-4F10626B9EAD}"
EndProject
Project("{2150E333-8FDC-42A3-9474-1A3956D46DE8}") = "Task0", "Task0", "{BCF0F09C-E383-402A-BC4A-1C28B6973945}"
EndProject
Project("{9A19103F-16F7-4668-BE54-9A1E7A4F7556}") = "Tyuiu.MusinND.Sprint5.Task1.V10.Lib", "Tyuiu.MusinND.Sprint5.Task1.V10.Lib\Tyuiu.MusinND.Sprint5.Task1.V10.Lib.csproj", "{191DB9A5-0075-4E0A-98D4-512FA2625A10}"
EndProject
Project("{9A19103F-16F7-4668-BE54-9A1E7A4F7556}") = "Tyuiu.MusinND.Sprint5.Task1.V10", "Tyuiu.MusinND.Sprint5.Task1.V10\Tyuiu.MusinND.Sprint5.Task1.V10.csproj", "{6E62FBB7-B7F6-4CED-9A37-AB881CEDAFA6}"
EndProject
Project("{9A19103F-16F7-4668-BE54-9A1E7A4F7556}") = "Tyuiu.MusinND.Sprint5.Task1.V10.Test", "Tyuiu.MusinND.Sprint5.Task1.V10.Test\Tyuiu.MusinND.Sprint5.Task1.V10.Test.csproj", "{436991A8-6A76-4A61-942D-8F6526752303}"
EndProject
Project("{9A19103F-16F7-4668-BE54-9A1E7A4F7556}") = "Tyuiu.MusinND.Sprint5.Task2.V25.Lib", "Tyuiu.MusinND.Sprint5.Task2.V25.Lib\Tyuiu.MusinND.Sprint5.Task2.V25.Lib.csproj", "{D48CF8F6-C4C9-4A63-B49F-CAC962552774}"
EndProject
Project("{9A19103F-16F7-4668-BE54-9A1E7A4F7556}") = "Tyuiu.MusinND.Sprint5.Task2.V25", "Tyuiu.MusinND.Sprint5.Task2.V25\Tyuiu.MusinND.Sprint5.Task2.V25.csproj", "{568E240E-1CBB-40C3-87B9-076CF6432CC0}"
EndProject
Project("{9A19103F-16F7-4668-BE54-9A1E7A4F7556}") = "Tyuiu.MusinND.Sprint5.Task2.V25.Test", "Tyuiu.MusinND.Sprint5.Task2.V25.Test\Tyuiu.MusinND.Sprint5.Task2.V25.Test.csproj", "{C643215C-5E92-47F3-87E5-8CFB84016921}"
EndProject
Project("{9A19103F-16F7-4668-BE54-9A1E7A4F7556}") = "Tyuiu.MusinND.Sprint5.Task3.V18.Lib", "Tyuiu.MusinND.Sprint5.Task3.V18.Lib\Tyuiu.MusinND.Sprint5.Task3.V18.Lib.csproj", "{8A10C57F-703E-473C-B069-B85C136E62EF}"
EndProject
Project("{9A19103F-16F7-4668-BE54-9A1E7A4F7556}") = "Tyuiu.MusinND.Sprint5.Task3.V18", "Tyuiu.MusinND.Sprint5.Task3.V18\Tyuiu.MusinND.Sprint5.Task3.V18.csproj", "{B8A2EC44-F4AA-4FCB-B82C-AD0F289B6A82}"
EndProject
Project("{9A19103F-16F7-4668-BE54-9A1E7A4F7556}") = "Tyuiu.MusinND.Sprint5.Task3.V18.Test", "Tyuiu.MusinND.Sprint5.Task3.V18.Test\Tyuiu.MusinND.Sprint5.Task3.V18.Test.csproj", "{9CEDFD16-D8F4-4870-B1B6-2658AFDB9129}"
EndProject
Project("{2150E333-8FDC-42A3-9474-1A3956D46DE8}") = "Task1", "Task1", "{A1498F10-6F6B-462B-A0D1-9FDA471B0D02}"
EndProject
Project("{2150E333-8FDC-42A3-9474-1A3956D46DE8}") = "Task2", "Task2", "{11684E37-3BA0-426D-B750-45B616DEB25C}"
EndProject
Project("{2150E333-8FDC-42A3-9474-1A3956D46DE8}") = "Task3", "Task3", "{9736639A-0B7D-4477-9235-E2EE658D01BE}"
EndProject
Project("{9A19103F-16F7-4668-BE54-9A1E7A4F7556}") = "Tyuiu.MusinND.Sprint5.Task4.V17.Lib", "Tyuiu.MusinND.Sprint5.Task4.V17.Lib\Tyuiu.MusinND.Sprint5.Task4.V17.Lib.csproj", "{EE4AE343-9D56-4515-B188-B4D19E067F8A}"
EndProject
Project("{9A19103F-16F7-4668-BE54-9A1E7A4F7556}") = "Tyuiu.MusinND.Sprint5.Task4.V17", "Tyuiu.MusinND.Sprint5.Task4.V17\Tyuiu.MusinND.Sprint5.Task4.V17.csproj", "{C7F62D39-1E9F-4815-882C-85EE59AA2B9F}"
EndProject
Project("{9A19103F-16F7-4668-BE54-9A1E7A4F7556}") = "Tyuiu.MusinND.Sprint5.Task4.V17.Test", "Tyuiu.MusinND.Sprint5.Task4.V17.Test\Tyuiu.MusinND.Sprint5.Task4.V17.Test.csproj", "{7ADCD093-E779-437F-B2B8-78A4FD2E8F99}"
EndProject
Project("{9A19103F-16F7-4668-BE54-9A1E7A4F7556}") = "Tyuiu.MusinND.Sprint5.Task5.V2.Lib", "Tyuiu.MusinND.Sprint5.Task5.V2.Lib\Tyuiu.MusinND.Sprint5.Task5.V2.Lib.csproj", "{E18CEF44-2490-4738-B1B7-17F3E844C2A1}"
EndProject
Project("{9A19103F-16F7-4668-BE54-9A1E7A4F7556}") = "Tyuiu.MusinND.Sprint5.Task5.V2", "Tyuiu.MusinND.Sprint5.Task5.V2\Tyuiu.MusinND.Sprint5.Task5.V2.csproj", "{3C4567AD-7D45-420E-A91B-5D7C1624542B}"
EndProject
Project("{9A19103F-16F7-4668-BE54-9A1E7A4F7556}") = "Tyuiu.MusinND.Sprint5.Task5.V2.Test", "Tyuiu.MusinND.Sprint5.Task5.V2.Test\Tyuiu.MusinND.Sprint5.Task5.V2.Test.csproj", "{6A30B4E1-C727-4F48-A0CB-EDF430F5E68C}"
EndProject
Project("{9A19103F-16F7-4668-BE54-9A1E7A4F7556}") = "Tyuiu.MusinND.Sprint5.Task6.V1.Lib", "Tyuiu.MusinND.Sprint5.Task6.V1.Lib\Tyuiu.MusinND.Sprint5.Task6.V1.Lib.csproj", "{925F3B58-29E6-464D-8BDB-2E128E525CA4}"
EndProject
Project("{9A19103F-16F7-4668-BE54-9A1E7A4F7556}") = "Tyuiu.MusinND.Sprint5.Task6.V1", "Tyuiu.MusinND.Sprint5.Task6.V1\Tyuiu.MusinND.Sprint5.Task6.V1.csproj", "{EC9E9A11-5790-4789-BA77-4F06942A8CDE}"
EndProject
Project("{9A19103F-16F7-4668-BE54-9A1E7A4F7556}") = "Tyuiu.MusinND.Sprint5.Task6.V1.Test", "Tyuiu.MusinND.Sprint5.Task6.V1.Test\Tyuiu.MusinND.Sprint5.Task6.V1.Test.csproj", "{181536F4-B35C-4305-B0B6-E208C297D88D}"
EndProject
Project("{9A19103F-16F7-4668-BE54-9A1E7A4F7556}") = "Tyuiu.MusinND.Sprint5.Task7.V9.Lib", "Tyuiu.MusinND.Sprint5.Task7.V9.Lib\Tyuiu.MusinND.Sprint5.Task7.V9.Lib.csproj", "{AC2F3DDB-1064-4296-9819-A4DA9AAB7316}"
EndProject
Project("{9A19103F-16F7-4668-BE54-9A1E7A4F7556}") = "Tyuiu.MusinND.Sprint5.Task7.V9", "Tyuiu.MusinND.Sprint5.Task7.V9\Tyuiu.MusinND.Sprint5.Task7.V9.csproj", "{457C3056-95D6-4CE1-8E60-8B8757DDE3CD}"
EndProject
Project("{9A19103F-16F7-4668-BE54-9A1E7A4F7556}") = "Tyuiu.MusinND.Sprint5.Task7.V9.Test", "Tyuiu.MusinND.Sprint5.Task7.V9.Test\Tyuiu.MusinND.Sprint5.Task7.V9.Test.csproj", "{A1F8378A-1914-4A2C-8BDC-1D6C044BC4A1}"
EndProject
Project("{2150E333-8FDC-42A3-9474-1A3956D46DE8}") = "Task4", "Task4", "{6153EC32-B56C-4B14-BEDF-4DA410F23B8A}"
EndProject
Project("{2150E333-8FDC-42A3-9474-1A3956D46DE8}") = "Task5", "Task5", "{F10DC580-1477-4AEC-AC6C-BEAC3F79B760}"
EndProject
Project("{2150E333-8FDC-42A3-9474-1A3956D46DE8}") = "Task6", "Task6", "{8D61F912-4A88-41AC-819A-AAABC4D61EA7}"
EndProject
Project("{2150E333-8FDC-42A3-9474-1A3956D46DE8}") = "Task7", "Task7", "{02F8A4CD-0EAD-44B3-8D27-38B536A7E08F}"
EndProject
Project("{FAE04EC0-301F-11D3-BF4B-00C04F79EFBC}") = "Tyuiu.MusinND.Sprint5.Task0.V19.Lib", "Tyuiu.MusinND.Sprint5.Task0.V19.Lib\Tyuiu.MusinND.Sprint5.Task0.V19.Lib.csproj", "{83EF01DF-C1AD-449D-A5BA-6942A093A59E}"
EndProject
Global
	GlobalSection(SolutionConfigurationPlatforms) = preSolution
		Debug|Any CPU = Debug|Any CPU
		Release|Any CPU = Release|Any CPU
	EndGlobalSection
	GlobalSection(ProjectConfigurationPlatforms) = postSolution
		{4B032F12-E3F0-435C-A4B7-A8030B240431}.Debug|Any CPU.ActiveCfg = Debug|Any CPU
		{4B032F12-E3F0-435C-A4B7-A8030B240431}.Debug|Any CPU.Build.0 = Debug|Any CPU
		{4B032F12-E3F0-435C-A4B7-A8030B240431}.Release|Any CPU.ActiveCfg = Release|Any CPU
		{4B032F12-E3F0-435C-A4B7-A8030B240431}.Release|Any CPU.Build.0 = Release|Any CPU
		{CC8B240C-450A-4FF0-8DA9-4F10626B9EAD}.Debug|Any CPU.ActiveCfg = Debug|Any CPU
		{CC8B240C-450A-4FF0-8DA9-4F10626B9EAD}.Debug|Any CPU.Build.0 = Debug|Any CPU
		{CC8B240C-450A-4FF0-8DA9-4F10626B9EAD}.Release|Any CPU.ActiveCfg = Release|Any CPU
		{CC8B240C-450A-4FF0-8DA9-4F10626B9EAD}.Release|Any CPU.Build.0 = Release|Any CPU
		{191DB9A5-0075-4E0A-98D4-512FA2625A10}.Debug|Any CPU.ActiveCfg = Debug|Any CPU
		{191DB9A5-0075-4E0A-98D4-512FA2625A10}.Debug|Any CPU.Build.0 = Debug|Any CPU
		{191DB9A5-0075-4E0A-98D4-512FA2625A10}.Release|Any CPU.ActiveCfg = Release|Any CPU
		{191DB9A5-0075-4E0A-98D4-512FA2625A10}.Release|Any CPU.Build.0 = Release|Any CPU
		{6E62FBB7-B7F6-4CED-9A37-AB881CEDAFA6}.Debug|Any CPU.ActiveCfg = Debug|Any CPU
		{6E62FBB7-B7F6-4CED-9A37-AB881CEDAFA6}.Debug|Any CPU.Build.0 = Debug|Any CPU
		{6E62FBB7-B7F6-4CED-9A37-AB881CEDAFA6}.Release|Any CPU.ActiveCfg = Release|Any CPU
		{6E62FBB7-B7F6-4CED-9A37-AB881CEDAFA6}.Release|Any CPU.Build.0 = Release|Any CPU
		{436991A8-6A76-4A61-942D-8F6526752303}.Debug|Any CPU.ActiveCfg = Debug|Any CPU
		{436991A8-6A76-4A61-942D-8F6526752303}.Debug|Any CPU.Build.0 = Debug|Any CPU
		{436991A8-6A76-4A61-942D-8F6526752303}.Release|Any CPU.ActiveCfg = Release|Any CPU
		{436991A8-6A76-4A61-942D-8F6526752303}.Release|Any CPU.Build.0 = Release|Any CPU
		{D48CF8F6-C4C9-4A63-B49F-CAC962552774}.Debug|Any CPU.ActiveCfg = Debug|Any CPU
		{D48CF8F6-C4C9-4A63-B49F-CAC962552774}.Debug|Any CPU.Build.0 = Debug|Any CPU
		{D48CF8F6-C4C9-4A63-B49F-CAC962552774}.Release|Any CPU.ActiveCfg = Release|Any CPU
		{D48CF8F6-C4C9-4A63-B49F-CAC962552774}.Release|Any CPU.Build.0 = Release|Any CPU
		{568E240E-1CBB-40C3-87B9-076CF6432CC0}.Debug|Any CPU.ActiveCfg = Debug|Any CPU
		{568E240E-1CBB-40C3-87B9-076CF6432CC0}.Debug|Any CPU.Build.0 = Debug|Any CPU
		{568E240E-1CBB-40C3-87B9-076CF6432CC0}.Release|Any CPU.ActiveCfg = Release|Any CPU
		{568E240E-1CBB-40C3-87B9-076CF6432CC0}.Release|Any CPU.Build.0 = Release|Any CPU
		{C643215C-5E92-47F3-87E5-8CFB84016921}.Debug|Any CPU.ActiveCfg = Debug|Any CPU
		{C643215C-5E92-47F3-87E5-8CFB84016921}.Debug|Any CPU.Build.0 = Debug|Any CPU
		{C643215C-5E92-47F3-87E5-8CFB84016921}.Release|Any CPU.ActiveCfg = Release|Any CPU
		{C643215C-5E92-47F3-87E5-8CFB84016921}.Release|Any CPU.Build.0 = Release|Any CPU
		{8A10C57F-703E-473C-B069-B85C136E62EF}.Debug|Any CPU.ActiveCfg = Debug|Any CPU
		{8A10C57F-703E-473C-B069-B85C136E62EF}.Debug|Any CPU.Build.0 = Debug|Any CPU
		{8A10C57F-703E-473C-B069-B85C136E62EF}.Release|Any CPU.ActiveCfg = Release|Any CPU
		{8A10C57F-703E-473C-B069-B85C136E62EF}.Release|Any CPU.Build.0 = Release|Any CPU
		{B8A2EC44-F4AA-4FCB-B82C-AD0F289B6A82}.Debug|Any CPU.ActiveCfg = Debug|Any CPU
		{B8A2EC44-F4AA-4FCB-B82C-AD0F289B6A82}.Debug|Any CPU.Build.0 = Debug|Any CPU
		{B8A2EC44-F4AA-4FCB-B82C-AD0F289B6A82}.Release|Any CPU.ActiveCfg = Release|Any CPU
		{B8A2EC44-F4AA-4FCB-B82C-AD0F289B6A82}.Release|Any CPU.Build.0 = Release|Any CPU
		{9CEDFD16-D8F4-4870-B1B6-2658AFDB9129}.Debug|Any CPU.ActiveCfg = Debug|Any CPU
		{9CEDFD16-D8F4-4870-B1B6-2658AFDB9129}.Debug|Any CPU.Build.0 = Debug|Any CPU
		{9CEDFD16-D8F4-4870-B1B6-2658AFDB9129}.Release|Any CPU.ActiveCfg = Release|Any CPU
		{9CEDFD16-D8F4-4870-B1B6-2658AFDB9129}.Release|Any CPU.Build.0 = Release|Any CPU
		{EE4AE343-9D56-4515-B188-B4D19E067F8A}.Debug|Any CPU.ActiveCfg = Debug|Any CPU
		{EE4AE343-9D56-4515-B188-B4D19E067F8A}.Debug|Any CPU.Build.0 = Debug|Any CPU
		{EE4AE343-9D56-4515-B188-B4D19E067F8A}.Release|Any CPU.ActiveCfg = Release|Any CPU
		{EE4AE343-9D56-4515-B188-B4D19E067F8A}.Release|Any CPU.Build.0 = Release|Any CPU
		{C7F62D39-1E9F-4815-882C-85EE59AA2B9F}.Debug|Any CPU.ActiveCfg = Debug|Any CPU
		{C7F62D39-1E9F-4815-882C-85EE59AA2B9F}.Debug|Any CPU.Build.0 = Debug|Any CPU
		{C7F62D39-1E9F-4815-882C-85EE59AA2B9F}.Release|Any CPU.ActiveCfg = Release|Any CPU
		{C7F62D39-1E9F-4815-882C-85EE59AA2B9F}.Release|Any CPU.Build.0 = Release|Any CPU
		{7ADCD093-E779-437F-B2B8-78A4FD2E8F99}.Debug|Any CPU.ActiveCfg = Debug|Any CPU
		{7ADCD093-E779-437F-B2B8-78A4FD2E8F99}.Debug|Any CPU.Build.0 = Debug|Any CPU
		{7ADCD093-E779-437F-B2B8-78A4FD2E8F99}.Release|Any CPU.ActiveCfg = Release|Any CPU
		{7ADCD093-E779-437F-B2B8-78A4FD2E8F99}.Release|Any CPU.Build.0 = Release|Any CPU
		{E18CEF44-2490-4738-B1B7-17F3E844C2A1}.Debug|Any CPU.ActiveCfg = Debug|Any CPU
		{E18CEF44-2490-4738-B1B7-17F3E844C2A1}.Debug|Any CPU.Build.0 = Debug|Any CPU
		{E18CEF44-2490-4738-B1B7-17F3E844C2A1}.Release|Any CPU.ActiveCfg = Release|Any CPU
		{E18CEF44-2490-4738-B1B7-17F3E844C2A1}.Release|Any CPU.Build.0 = Release|Any CPU
		{3C4567AD-7D45-420E-A91B-5D7C1624542B}.Debug|Any CPU.ActiveCfg = Debug|Any CPU
		{3C4567AD-7D45-420E-A91B-5D7C1624542B}.Debug|Any CPU.Build.0 = Debug|Any CPU
		{3C4567AD-7D45-420E-A91B-5D7C1624542B}.Release|Any CPU.ActiveCfg = Release|Any CPU
		{3C4567AD-7D45-420E-A91B-5D7C1624542B}.Release|Any CPU.Build.0 = Release|Any CPU
		{6A30B4E1-C727-4F48-A0CB-EDF430F5E68C}.Debug|Any CPU.ActiveCfg = Debug|Any CPU
		{6A30B4E1-C727-4F48-A0CB-EDF430F5E68C}.Debug|Any CPU.Build.0 = Debug|Any CPU
		{6A30B4E1-C727-4F48-A0CB-EDF430F5E68C}.Release|Any CPU.ActiveCfg = Release|Any CPU
		{6A30B4E1-C727-4F48-A0CB-EDF430F5E68C}.Release|Any CPU.Build.0 = Release|Any CPU
		{925F3B58-29E6-464D-8BDB-2E128E525CA4}.Debug|Any CPU.ActiveCfg = Debug|Any CPU
		{925F3B58-29E6-464D-8BDB-2E128E525CA4}.Debug|Any CPU.Build.0 = Debug|Any CPU
		{925F3B58-29E6-464D-8BDB-2E128E525CA4}.Release|Any CPU.ActiveCfg = Release|Any CPU
		{925F3B58-29E6-464D-8BDB-2E128E525CA4}.Release|Any CPU.Build.0 = Release|Any CPU
		{EC9E9A11-5790-4789-BA77-4F06942A8CDE}.Debug|Any CPU.ActiveCfg = Debug|Any CPU
		{EC9E9A11-5790-4789-BA77-4F06942A8CDE}.Debug|Any CPU.Build.0 = Debug|Any CPU
		{EC9E9A11-5790-4789-BA77-4F06942A8CDE}.Release|Any CPU.ActiveCfg = Release|Any CPU
		{EC9E9A11-5790-4789-BA77-4F06942A8CDE}.Release|Any CPU.Build.0 = Release|Any CPU
		{181536F4-B35C-4305-B0B6-E208C297D88D}.Debug|Any CPU.ActiveCfg = Debug|Any CPU
		{181536F4-B35C-4305-B0B6-E208C297D88D}.Debug|Any CPU.Build.0 = Debug|Any CPU
		{181536F4-B35C-4305-B0B6-E208C297D88D}.Release|Any CPU.ActiveCfg = Release|Any CPU
		{181536F4-B35C-4305-B0B6-E208C297D88D}.Release|Any CPU.Build.0 = Release|Any CPU
		{AC2F3DDB-1064-4296-9819-A4DA9AAB7316}.Debug|Any CPU.ActiveCfg = Debug|Any CPU
		{AC2F3DDB-1064-4296-9819-A4DA9AAB7316}.Debug|Any CPU.Build.0 = Debug|Any CPU
		{AC2F3DDB-1064-4296-9819-A4DA9AAB7316}.Release|Any CPU.ActiveCfg = Release|Any CPU
		{AC2F3DDB-1064-4296-9819-A4DA9AAB7316}.Release|Any CPU.Build.0 = Release|Any CPU
		{457C3056-95D6-4CE1-8E60-8B8757DDE3CD}.Debug|Any CPU.ActiveCfg = Debug|Any CPU
		{457C3056-95D6-4CE1-8E60-8B8757DDE3CD}.Debug|Any CPU.Build.0 = Debug|Any CPU
		{457C3056-95D6-4CE1-8E60-8B8757DDE3CD}.Release|Any CPU.ActiveCfg = Release|Any CPU
		{457C3056-95D6-4CE1-8E60-8B8757DDE3CD}.Release|Any CPU.Build.0 = Release|Any CPU
		{A1F8378A-1914-4A2C-8BDC-1D6C044BC4A1}.Debug|Any CPU.ActiveCfg = Debug|Any CPU
		{A1F8378A-1914-4A2C-8BDC-1D6C044BC4A1}.Debug|Any CPU.Build.0 = Debug|Any CPU
		{A1F8378A-1914-4A2C-8BDC-1D6C044BC4A1}.Release|Any CPU.ActiveCfg = Release|Any CPU
		{A1F8378A-1914-4A2C-8BDC-1D6C044BC4A1}.Release|Any CPU.Build.0 = Release|Any CPU
		{83EF01DF-C1AD-449D-A5BA-6942A093A59E}.Debug|Any CPU.ActiveCfg = Debug|Any CPU
		{83EF01DF-C1AD-449D-A5BA-6942A093A59E}.Debug|Any CPU.Build.0 = Debug|Any CPU
		{83EF01DF-C1AD-449D-A5BA-6942A093A59E}.Release|Any CPU.ActiveCfg = Release|Any CPU
		{83EF01DF-C1AD-449D-A5BA-6942A093A59E}.Release|Any CPU.Build.0 = Release|Any CPU
	EndGlobalSection
	GlobalSection(SolutionProperties) = preSolution
		HideSolutionNode = FALSE
	EndGlobalSection
	GlobalSection(NestedProjects) = preSolution
		{4B032F12-E3F0-435C-A4B7-A8030B240431} = {BCF0F09C-E383-402A-BC4A-1C28B6973945}
		{CC8B240C-450A-4FF0-8DA9-4F10626B9EAD} = {BCF0F09C-E383-402A-BC4A-1C28B6973945}
		{191DB9A5-0075-4E0A-98D4-512FA2625A10} = {A1498F10-6F6B-462B-A0D1-9FDA471B0D02}
		{6E62FBB7-B7F6-4CED-9A37-AB881CEDAFA6} = {A1498F10-6F6B-462B-A0D1-9FDA471B0D02}
		{436991A8-6A76-4A61-942D-8F6526752303} = {A1498F10-6F6B-462B-A0D1-9FDA471B0D02}
		{D48CF8F6-C4C9-4A63-B49F-CAC962552774} = {11684E37-3BA0-426D-B750-45B616DEB25C}
		{568E240E-1CBB-40C3-87B9-076CF6432CC0} = {11684E37-3BA0-426D-B750-45B616DEB25C}
		{C643215C-5E92-47F3-87E5-8CFB84016921} = {11684E37-3BA0-426D-B750-45B616DEB25C}
		{8A10C57F-703E-473C-B069-B85C136E62EF} = {9736639A-0B7D-4477-9235-E2EE658D01BE}
		{B8A2EC44-F4AA-4FCB-B82C-AD0F289B6A82} = {9736639A-0B7D-4477-9235-E2EE658D01BE}
		{9CEDFD16-D8F4-4870-B1B6-2658AFDB9129} = {9736639A-0B7D-4477-9235-E2EE658D01BE}
		{EE4AE343-9D56-4515-B188-B4D19E067F8A} = {6153EC32-B56C-4B14-BEDF-4DA410F23B8A}
		{C7F62D39-1E9F-4815-882C-85EE59AA2B9F} = {6153EC32-B56C-4B14-BEDF-4DA410F23B8A}
		{7ADCD093-E779-437F-B2B8-78A4FD2E8F99} = {6153EC32-B56C-4B14-BEDF-4DA410F23B8A}
		{E18CEF44-2490-4738-B1B7-17F3E844C2A1} = {F10DC580-1477-4AEC-AC6C-BEAC3F79B760}
		{3C4567AD-7D45-420E-A91B-5D7C1624542B} = {F10DC580-1477-4AEC-AC6C-BEAC3F79B760}
		{6A30B4E1-C727-4F48-A0CB-EDF430F5E68C} = {F10DC580-1477-4AEC-AC6C-BEAC3F79B760}
		{925F3B58-29E6-464D-8BDB-2E128E525CA4} = {8D61F912-4A88-41AC-819A-AAABC4D61EA7}
		{EC9E9A11-5790-4789-BA77-4F06942A8CDE} = {8D61F912-4A88-41AC-819A-AAABC4D61EA7}
		{181536F4-B35C-4305-B0B6-E208C297D88D} = {8D61F912-4A88-41AC-819A-AAABC4D61EA7}
		{AC2F3DDB-1064-4296-9819-A4DA9AAB7316} = {02F8A4CD-0EAD-44B3-8D27-38B536A7E08F}
		{457C3056-95D6-4CE1-8E60-8B8757DDE3CD} = {02F8A4CD-0EAD-44B3-8D27-38B536A7E08F}
		{A1F8378A-1914-4A2C-8BDC-1D6C044BC4A1} = {02F8A4CD-0EAD-44B3-8D27-38B536A7E08F}
		{83EF01DF-C1AD-449D-A5BA-6942A093A59E} = {BCF0F09C-E383-402A-BC4A-1C28B6973945}
	EndGlobalSection
	GlobalSection(ExtensibilityGlobals) = postSolution
		SolutionGuid = {30D76263-C53D-4453-A93C-C5BDDB458A42}
	EndGlobalSection
EndGlobal
